// !$*UTF8*$!
{
	archiveVersion = 1;
	classes = {
	};
	objectVersion = 50;
	objects = {

/* Begin PBXBuildFile section */
		9F0A332524183E9300B3B117 /* FollowerCell.swift in Sources */ = {isa = PBXBuildFile; fileRef = 9F0A332424183E9300B3B117 /* FollowerCell.swift */; };
		9F0A332724183F1A00B3B117 /* GFAvatarImageView.swift in Sources */ = {isa = PBXBuildFile; fileRef = 9F0A332624183F1A00B3B117 /* GFAvatarImageView.swift */; };
		9F0A33292418540800B3B117 /* UIHelper.swift in Sources */ = {isa = PBXBuildFile; fileRef = 9F0A33282418540800B3B117 /* UIHelper.swift */; };
		9F36A149240B1910003B9A9B /* GFButton.swift in Sources */ = {isa = PBXBuildFile; fileRef = 9F36A148240B1910003B9A9B /* GFButton.swift */; };
		9F36A14B240B1DE9003B9A9B /* GFTextField.swift in Sources */ = {isa = PBXBuildFile; fileRef = 9F36A14A240B1DE9003B9A9B /* GFTextField.swift */; };
		9F714308240C4A2600419031 /* FollowerListVC.swift in Sources */ = {isa = PBXBuildFile; fileRef = 9F714307240C4A2600419031 /* FollowerListVC.swift */; };
		9F7243BB240F1149004CF9C0 /* GFTitleLabel.swift in Sources */ = {isa = PBXBuildFile; fileRef = 9F7243BA240F1149004CF9C0 /* GFTitleLabel.swift */; };
		9F7243BD240F12E6004CF9C0 /* GFBodyLabel.swift in Sources */ = {isa = PBXBuildFile; fileRef = 9F7243BC240F12E6004CF9C0 /* GFBodyLabel.swift */; };
		9F7243BF240F13A1004CF9C0 /* GFAlertVC.swift in Sources */ = {isa = PBXBuildFile; fileRef = 9F7243BE240F13A1004CF9C0 /* GFAlertVC.swift */; };
		9F7243C1240F1B11004CF9C0 /* UIViewController+.Ext.swift in Sources */ = {isa = PBXBuildFile; fileRef = 9F7243C0240F1B11004CF9C0 /* UIViewController+.Ext.swift */; };
		9F7243C8240F251C004CF9C0 /* Follower.swift in Sources */ = {isa = PBXBuildFile; fileRef = 9F7243C7240F251C004CF9C0 /* Follower.swift */; };
		9F736CB72409E3A800C8C72D /* AppDelegate.swift in Sources */ = {isa = PBXBuildFile; fileRef = 9F736CB62409E3A800C8C72D /* AppDelegate.swift */; };
		9F736CB92409E3A800C8C72D /* SceneDelegate.swift in Sources */ = {isa = PBXBuildFile; fileRef = 9F736CB82409E3A800C8C72D /* SceneDelegate.swift */; };
		9F736CC02409E3A900C8C72D /* Assets.xcassets in Resources */ = {isa = PBXBuildFile; fileRef = 9F736CBF2409E3A900C8C72D /* Assets.xcassets */; };
		9F736CC32409E3A900C8C72D /* LaunchScreen.storyboard in Resources */ = {isa = PBXBuildFile; fileRef = 9F736CC12409E3A900C8C72D /* LaunchScreen.storyboard */; };
		9F736CCB2409EA8800C8C72D /* SearchVC.swift in Sources */ = {isa = PBXBuildFile; fileRef = 9F736CCA2409EA8800C8C72D /* SearchVC.swift */; };
		9F736CCD2409EAB700C8C72D /* FavoriteListVC.swift in Sources */ = {isa = PBXBuildFile; fileRef = 9F736CCC2409EAB700C8C72D /* FavoriteListVC.swift */; };
		9F974A98242689930046D13C /* GFEmptyStateView.swift in Sources */ = {isa = PBXBuildFile; fileRef = 9F974A97242689930046D13C /* GFEmptyStateView.swift */; };
		9FBA56B5240F273A0095B6DC /* Users.swift in Sources */ = {isa = PBXBuildFile; fileRef = 9FBA56B4240F273A0095B6DC /* Users.swift */; };
		9FC4986D24106B1A00FCA363 /* NetworkManager.swift in Sources */ = {isa = PBXBuildFile; fileRef = 9FC4986C24106B1A00FCA363 /* NetworkManager.swift */; };
		9FD567A42411D30700A6C04C /* GFError.swift in Sources */ = {isa = PBXBuildFile; fileRef = 9FD567A32411D30700A6C04C /* GFError.swift */; };
/* End PBXBuildFile section */

/* Begin PBXFileReference section */
		9F0A332424183E9300B3B117 /* FollowerCell.swift */ = {isa = PBXFileReference; lastKnownFileType = sourcecode.swift; path = FollowerCell.swift; sourceTree = "<group>"; };
		9F0A332624183F1A00B3B117 /* GFAvatarImageView.swift */ = {isa = PBXFileReference; lastKnownFileType = sourcecode.swift; path = GFAvatarImageView.swift; sourceTree = "<group>"; };
		9F0A33282418540800B3B117 /* UIHelper.swift */ = {isa = PBXFileReference; lastKnownFileType = sourcecode.swift; path = UIHelper.swift; sourceTree = "<group>"; };
		9F36A148240B1910003B9A9B /* GFButton.swift */ = {isa = PBXFileReference; lastKnownFileType = sourcecode.swift; path = GFButton.swift; sourceTree = "<group>"; };
		9F36A14A240B1DE9003B9A9B /* GFTextField.swift */ = {isa = PBXFileReference; lastKnownFileType = sourcecode.swift; path = GFTextField.swift; sourceTree = "<group>"; };
		9F714307240C4A2600419031 /* FollowerListVC.swift */ = {isa = PBXFileReference; lastKnownFileType = sourcecode.swift; path = FollowerListVC.swift; sourceTree = "<group>"; };
		9F7243BA240F1149004CF9C0 /* GFTitleLabel.swift */ = {isa = PBXFileReference; lastKnownFileType = sourcecode.swift; path = GFTitleLabel.swift; sourceTree = "<group>"; };
		9F7243BC240F12E6004CF9C0 /* GFBodyLabel.swift */ = {isa = PBXFileReference; lastKnownFileType = sourcecode.swift; path = GFBodyLabel.swift; sourceTree = "<group>"; };
		9F7243BE240F13A1004CF9C0 /* GFAlertVC.swift */ = {isa = PBXFileReference; lastKnownFileType = sourcecode.swift; path = GFAlertVC.swift; sourceTree = "<group>"; };
		9F7243C0240F1B11004CF9C0 /* UIViewController+.Ext.swift */ = {isa = PBXFileReference; lastKnownFileType = sourcecode.swift; path = "UIViewController+.Ext.swift"; sourceTree = "<group>"; };
		9F7243C7240F251C004CF9C0 /* Follower.swift */ = {isa = PBXFileReference; lastKnownFileType = sourcecode.swift; path = Follower.swift; sourceTree = "<group>"; };
		9F736CB32409E3A800C8C72D /* GHFollowers.app */ = {isa = PBXFileReference; explicitFileType = wrapper.application; includeInIndex = 0; path = GHFollowers.app; sourceTree = BUILT_PRODUCTS_DIR; };
		9F736CB62409E3A800C8C72D /* AppDelegate.swift */ = {isa = PBXFileReference; lastKnownFileType = sourcecode.swift; path = AppDelegate.swift; sourceTree = "<group>"; };
		9F736CB82409E3A800C8C72D /* SceneDelegate.swift */ = {isa = PBXFileReference; lastKnownFileType = sourcecode.swift; path = SceneDelegate.swift; sourceTree = "<group>"; };
		9F736CBF2409E3A900C8C72D /* Assets.xcassets */ = {isa = PBXFileReference; lastKnownFileType = folder.assetcatalog; path = Assets.xcassets; sourceTree = "<group>"; };
		9F736CC22409E3A900C8C72D /* Base */ = {isa = PBXFileReference; lastKnownFileType = file.storyboard; name = Base; path = Base.lproj/LaunchScreen.storyboard; sourceTree = "<group>"; };
		9F736CC42409E3A900C8C72D /* Info.plist */ = {isa = PBXFileReference; lastKnownFileType = text.plist.xml; path = Info.plist; sourceTree = "<group>"; };
		9F736CCA2409EA8800C8C72D /* SearchVC.swift */ = {isa = PBXFileReference; lastKnownFileType = sourcecode.swift; path = SearchVC.swift; sourceTree = "<group>"; };
		9F736CCC2409EAB700C8C72D /* FavoriteListVC.swift */ = {isa = PBXFileReference; lastKnownFileType = sourcecode.swift; path = FavoriteListVC.swift; sourceTree = "<group>"; };
		9F974A97242689930046D13C /* GFEmptyStateView.swift */ = {isa = PBXFileReference; lastKnownFileType = sourcecode.swift; path = GFEmptyStateView.swift; sourceTree = "<group>"; };
		9FBA56B4240F273A0095B6DC /* Users.swift */ = {isa = PBXFileReference; lastKnownFileType = sourcecode.swift; path = Users.swift; sourceTree = "<group>"; };
		9FC4986C24106B1A00FCA363 /* NetworkManager.swift */ = {isa = PBXFileReference; lastKnownFileType = sourcecode.swift; path = NetworkManager.swift; sourceTree = "<group>"; };
		9FD567A32411D30700A6C04C /* GFError.swift */ = {isa = PBXFileReference; lastKnownFileType = sourcecode.swift; path = GFError.swift; sourceTree = "<group>"; };
/* End PBXFileReference section */

/* Begin PBXFrameworksBuildPhase section */
		9F736CB02409E3A800C8C72D /* Frameworks */ = {
			isa = PBXFrameworksBuildPhase;
			buildActionMask = 2147483647;
			files = (
			);
			runOnlyForDeploymentPostprocessing = 0;
		};
/* End PBXFrameworksBuildPhase section */

/* Begin PBXGroup section */
		9F0A332324183E4F00B3B117 /* Cells */ = {
			isa = PBXGroup;
			children = (
				9F0A332424183E9300B3B117 /* FollowerCell.swift */,
			);
			path = Cells;
			sourceTree = "<group>";
		};
		9F7243C2240F1D80004CF9C0 /* Screens */ = {
			isa = PBXGroup;
			children = (
				9F736CCA2409EA8800C8C72D /* SearchVC.swift */,
				9F714307240C4A2600419031 /* FollowerListVC.swift */,
				9F736CCC2409EAB700C8C72D /* FavoriteListVC.swift */,
			);
			path = Screens;
			sourceTree = "<group>";
		};
		9F7243C3240F1E55004CF9C0 /* Custom Views */ = {
			isa = PBXGroup;
			children = (
				9F974A962426894F0046D13C /* Labels */,
				9F974A95242689220046D13C /* ViewControllers */,
				9F974A94242688FC0046D13C /* ImageViews */,
				9F974A93242688E70046D13C /* TextFields */,
				9F974A92242688D70046D13C /* Buttons */,
				9F974A91242688C40046D13C /* Views */,
				9F0A332324183E4F00B3B117 /* Cells */,
			);
			path = "Custom Views";
			sourceTree = "<group>";
		};
		9F7243C4240F1EA1004CF9C0 /* Extensions */ = {
			isa = PBXGroup;
			children = (
				9F7243C0240F1B11004CF9C0 /* UIViewController+.Ext.swift */,
			);
			path = Extensions;
			sourceTree = "<group>";
		};
		9F7243C5240F1F78004CF9C0 /* Support */ = {
			isa = PBXGroup;
			children = (
				9F736CB62409E3A800C8C72D /* AppDelegate.swift */,
				9F736CB82409E3A800C8C72D /* SceneDelegate.swift */,
				9F736CBF2409E3A900C8C72D /* Assets.xcassets */,
				9F736CC12409E3A900C8C72D /* LaunchScreen.storyboard */,
			);
			path = Support;
			sourceTree = "<group>";
		};
		9F7243C6240F2504004CF9C0 /* Model */ = {
			isa = PBXGroup;
			children = (
				9F7243C7240F251C004CF9C0 /* Follower.swift */,
				9FBA56B4240F273A0095B6DC /* Users.swift */,
			);
			path = Model;
			sourceTree = "<group>";
		};
		9F736CAA2409E3A800C8C72D = {
			isa = PBXGroup;
			children = (
				9F736CB52409E3A800C8C72D /* GHFollowers */,
				9F736CB42409E3A800C8C72D /* Products */,
			);
			sourceTree = "<group>";
		};
		9F736CB42409E3A800C8C72D /* Products */ = {
			isa = PBXGroup;
			children = (
				9F736CB32409E3A800C8C72D /* GHFollowers.app */,
			);
			name = Products;
			sourceTree = "<group>";
		};
		9F736CB52409E3A800C8C72D /* GHFollowers */ = {
			isa = PBXGroup;
			children = (
				9FD567A22411D2CB00A6C04C /* Utilities */,
				9FC4986B24106AFB00FCA363 /* Managers */,
				9F7243C6240F2504004CF9C0 /* Model */,
				9F7243C4240F1EA1004CF9C0 /* Extensions */,
				9F7243C3240F1E55004CF9C0 /* Custom Views */,
				9F7243C2240F1D80004CF9C0 /* Screens */,
				9F7243C5240F1F78004CF9C0 /* Support */,
				9F736CC42409E3A900C8C72D /* Info.plist */,
			);
			path = GHFollowers;
			sourceTree = "<group>";
		};
		9F974A91242688C40046D13C /* Views */ = {
			isa = PBXGroup;
			children = (
				9F974A97242689930046D13C /* GFEmptyStateView.swift */,
			);
			path = Views;
			sourceTree = "<group>";
		};
		9F974A92242688D70046D13C /* Buttons */ = {
			isa = PBXGroup;
			children = (
				9F36A148240B1910003B9A9B /* GFButton.swift */,
			);
			path = Buttons;
			sourceTree = "<group>";
		};
		9F974A93242688E70046D13C /* TextFields */ = {
			isa = PBXGroup;
			children = (
				9F36A14A240B1DE9003B9A9B /* GFTextField.swift */,
			);
			path = TextFields;
			sourceTree = "<group>";
		};
		9F974A94242688FC0046D13C /* ImageViews */ = {
			isa = PBXGroup;
			children = (
				9F0A332624183F1A00B3B117 /* GFAvatarImageView.swift */,
			);
			path = ImageViews;
			sourceTree = "<group>";
		};
		9F974A95242689220046D13C /* ViewControllers */ = {
			isa = PBXGroup;
			children = (
				9F7243BE240F13A1004CF9C0 /* GFAlertVC.swift */,
			);
			path = ViewControllers;
			sourceTree = "<group>";
		};
		9F974A962426894F0046D13C /* Labels */ = {
			isa = PBXGroup;
			children = (
				9F7243BA240F1149004CF9C0 /* GFTitleLabel.swift */,
				9F7243BC240F12E6004CF9C0 /* GFBodyLabel.swift */,
			);
			path = Labels;
			sourceTree = "<group>";
		};
		9FC4986B24106AFB00FCA363 /* Managers */ = {
			isa = PBXGroup;
			children = (
				9FC4986C24106B1A00FCA363 /* NetworkManager.swift */,
			);
			path = Managers;
			sourceTree = "<group>";
		};
		9FD567A22411D2CB00A6C04C /* Utilities */ = {
			isa = PBXGroup;
			children = (
				9FD567A32411D30700A6C04C /* GFError.swift */,
				9F0A33282418540800B3B117 /* UIHelper.swift */,
			);
			path = Utilities;
			sourceTree = "<group>";
		};
/* End PBXGroup section */

/* Begin PBXNativeTarget section */
		9F736CB22409E3A800C8C72D /* GHFollowers */ = {
			isa = PBXNativeTarget;
			buildConfigurationList = 9F736CC72409E3A900C8C72D /* Build configuration list for PBXNativeTarget "GHFollowers" */;
			buildPhases = (
				9F736CAF2409E3A800C8C72D /* Sources */,
				9F736CB02409E3A800C8C72D /* Frameworks */,
				9F736CB12409E3A800C8C72D /* Resources */,
			);
			buildRules = (
			);
			dependencies = (
			);
			name = GHFollowers;
			productName = GHFollowers;
			productReference = 9F736CB32409E3A800C8C72D /* GHFollowers.app */;
			productType = "com.apple.product-type.application";
		};
/* End PBXNativeTarget section */

/* Begin PBXProject section */
		9F736CAB2409E3A800C8C72D /* Project object */ = {
			isa = PBXProject;
			attributes = {
				LastSwiftUpdateCheck = 1130;
				LastUpgradeCheck = 1130;
				ORGANIZATIONNAME = "Thomas Prezioso";
				TargetAttributes = {
					9F736CB22409E3A800C8C72D = {
						CreatedOnToolsVersion = 11.3.1;
					};
				};
			};
			buildConfigurationList = 9F736CAE2409E3A800C8C72D /* Build configuration list for PBXProject "GHFollowers" */;
			compatibilityVersion = "Xcode 9.3";
			developmentRegion = en;
			hasScannedForEncodings = 0;
			knownRegions = (
				en,
				Base,
			);
			mainGroup = 9F736CAA2409E3A800C8C72D;
			productRefGroup = 9F736CB42409E3A800C8C72D /* Products */;
			projectDirPath = "";
			projectRoot = "";
			targets = (
				9F736CB22409E3A800C8C72D /* GHFollowers */,
			);
		};
/* End PBXProject section */

/* Begin PBXResourcesBuildPhase section */
		9F736CB12409E3A800C8C72D /* Resources */ = {
			isa = PBXResourcesBuildPhase;
			buildActionMask = 2147483647;
			files = (
				9F736CC32409E3A900C8C72D /* LaunchScreen.storyboard in Resources */,
				9F736CC02409E3A900C8C72D /* Assets.xcassets in Resources */,
			);
			runOnlyForDeploymentPostprocessing = 0;
		};
/* End PBXResourcesBuildPhase section */

/* Begin PBXSourcesBuildPhase section */
		9F736CAF2409E3A800C8C72D /* Sources */ = {
			isa = PBXSourcesBuildPhase;
			buildActionMask = 2147483647;
			files = (
				9F36A14B240B1DE9003B9A9B /* GFTextField.swift in Sources */,
				9F7243BD240F12E6004CF9C0 /* GFBodyLabel.swift in Sources */,
				9F736CCD2409EAB700C8C72D /* FavoriteListVC.swift in Sources */,
				9F36A149240B1910003B9A9B /* GFButton.swift in Sources */,
				9F7243C1240F1B11004CF9C0 /* UIViewController+.Ext.swift in Sources */,
				9F0A33292418540800B3B117 /* UIHelper.swift in Sources */,
				9F0A332724183F1A00B3B117 /* GFAvatarImageView.swift in Sources */,
				9F7243BF240F13A1004CF9C0 /* GFAlertVC.swift in Sources */,
				9F736CCB2409EA8800C8C72D /* SearchVC.swift in Sources */,
				9F0A332524183E9300B3B117 /* FollowerCell.swift in Sources */,
				9FD567A42411D30700A6C04C /* GFError.swift in Sources */,
				9F7243C8240F251C004CF9C0 /* Follower.swift in Sources */,
				9F7243BB240F1149004CF9C0 /* GFTitleLabel.swift in Sources */,
				9FBA56B5240F273A0095B6DC /* Users.swift in Sources */,
				9F974A98242689930046D13C /* GFEmptyStateView.swift in Sources */,
				9FC4986D24106B1A00FCA363 /* NetworkManager.swift in Sources */,
				9F714308240C4A2600419031 /* FollowerListVC.swift in Sources */,
				9F736CB72409E3A800C8C72D /* AppDelegate.swift in Sources */,
				9F736CB92409E3A800C8C72D /* SceneDelegate.swift in Sources */,
			);
			runOnlyForDeploymentPostprocessing = 0;
		};
/* End PBXSourcesBuildPhase section */

/* Begin PBXVariantGroup section */
		9F736CC12409E3A900C8C72D /* LaunchScreen.storyboard */ = {
			isa = PBXVariantGroup;
			children = (
				9F736CC22409E3A900C8C72D /* Base */,
			);
			name = LaunchScreen.storyboard;
			sourceTree = "<group>";
		};
/* End PBXVariantGroup section */

/* Begin XCBuildConfiguration section */
		9F736CC52409E3A900C8C72D /* Debug */ = {
			isa = XCBuildConfiguration;
			buildSettings = {
				ALWAYS_SEARCH_USER_PATHS = NO;
				CLANG_ANALYZER_NONNULL = YES;
				CLANG_ANALYZER_NUMBER_OBJECT_CONVERSION = YES_AGGRESSIVE;
				CLANG_CXX_LANGUAGE_STANDARD = "gnu++14";
				CLANG_CXX_LIBRARY = "libc++";
				CLANG_ENABLE_MODULES = YES;
				CLANG_ENABLE_OBJC_ARC = YES;
				CLANG_ENABLE_OBJC_WEAK = YES;
				CLANG_WARN_BLOCK_CAPTURE_AUTORELEASING = YES;
				CLANG_WARN_BOOL_CONVERSION = YES;
				CLANG_WARN_COMMA = YES;
				CLANG_WARN_CONSTANT_CONVERSION = YES;
				CLANG_WARN_DEPRECATED_OBJC_IMPLEMENTATIONS = YES;
				CLANG_WARN_DIRECT_OBJC_ISA_USAGE = YES_ERROR;
				CLANG_WARN_DOCUMENTATION_COMMENTS = YES;
				CLANG_WARN_EMPTY_BODY = YES;
				CLANG_WARN_ENUM_CONVERSION = YES;
				CLANG_WARN_INFINITE_RECURSION = YES;
				CLANG_WARN_INT_CONVERSION = YES;
				CLANG_WARN_NON_LITERAL_NULL_CONVERSION = YES;
				CLANG_WARN_OBJC_IMPLICIT_RETAIN_SELF = YES;
				CLANG_WARN_OBJC_LITERAL_CONVERSION = YES;
				CLANG_WARN_OBJC_ROOT_CLASS = YES_ERROR;
				CLANG_WARN_RANGE_LOOP_ANALYSIS = YES;
				CLANG_WARN_STRICT_PROTOTYPES = YES;
				CLANG_WARN_SUSPICIOUS_MOVE = YES;
				CLANG_WARN_UNGUARDED_AVAILABILITY = YES_AGGRESSIVE;
				CLANG_WARN_UNREACHABLE_CODE = YES;
				CLANG_WARN__DUPLICATE_METHOD_MATCH = YES;
				COPY_PHASE_STRIP = NO;
				DEBUG_INFORMATION_FORMAT = dwarf;
				ENABLE_STRICT_OBJC_MSGSEND = YES;
				ENABLE_TESTABILITY = YES;
				GCC_C_LANGUAGE_STANDARD = gnu11;
				GCC_DYNAMIC_NO_PIC = NO;
				GCC_NO_COMMON_BLOCKS = YES;
				GCC_OPTIMIZATION_LEVEL = 0;
				GCC_PREPROCESSOR_DEFINITIONS = (
					"DEBUG=1",
					"$(inherited)",
				);
				GCC_WARN_64_TO_32_BIT_CONVERSION = YES;
				GCC_WARN_ABOUT_RETURN_TYPE = YES_ERROR;
				GCC_WARN_UNDECLARED_SELECTOR = YES;
				GCC_WARN_UNINITIALIZED_AUTOS = YES_AGGRESSIVE;
				GCC_WARN_UNUSED_FUNCTION = YES;
				GCC_WARN_UNUSED_VARIABLE = YES;
				IPHONEOS_DEPLOYMENT_TARGET = 13.2;
				MTL_ENABLE_DEBUG_INFO = INCLUDE_SOURCE;
				MTL_FAST_MATH = YES;
				ONLY_ACTIVE_ARCH = YES;
				SDKROOT = iphoneos;
				SWIFT_ACTIVE_COMPILATION_CONDITIONS = DEBUG;
				SWIFT_OPTIMIZATION_LEVEL = "-Onone";
			};
			name = Debug;
		};
		9F736CC62409E3A900C8C72D /* Release */ = {
			isa = XCBuildConfiguration;
			buildSettings = {
				ALWAYS_SEARCH_USER_PATHS = NO;
				CLANG_ANALYZER_NONNULL = YES;
				CLANG_ANALYZER_NUMBER_OBJECT_CONVERSION = YES_AGGRESSIVE;
				CLANG_CXX_LANGUAGE_STANDARD = "gnu++14";
				CLANG_CXX_LIBRARY = "libc++";
				CLANG_ENABLE_MODULES = YES;
				CLANG_ENABLE_OBJC_ARC = YES;
				CLANG_ENABLE_OBJC_WEAK = YES;
				CLANG_WARN_BLOCK_CAPTURE_AUTORELEASING = YES;
				CLANG_WARN_BOOL_CONVERSION = YES;
				CLANG_WARN_COMMA = YES;
				CLANG_WARN_CONSTANT_CONVERSION = YES;
				CLANG_WARN_DEPRECATED_OBJC_IMPLEMENTATIONS = YES;
				CLANG_WARN_DIRECT_OBJC_ISA_USAGE = YES_ERROR;
				CLANG_WARN_DOCUMENTATION_COMMENTS = YES;
				CLANG_WARN_EMPTY_BODY = YES;
				CLANG_WARN_ENUM_CONVERSION = YES;
				CLANG_WARN_INFINITE_RECURSION = YES;
				CLANG_WARN_INT_CONVERSION = YES;
				CLANG_WARN_NON_LITERAL_NULL_CONVERSION = YES;
				CLANG_WARN_OBJC_IMPLICIT_RETAIN_SELF = YES;
				CLANG_WARN_OBJC_LITERAL_CONVERSION = YES;
				CLANG_WARN_OBJC_ROOT_CLASS = YES_ERROR;
				CLANG_WARN_RANGE_LOOP_ANALYSIS = YES;
				CLANG_WARN_STRICT_PROTOTYPES = YES;
				CLANG_WARN_SUSPICIOUS_MOVE = YES;
				CLANG_WARN_UNGUARDED_AVAILABILITY = YES_AGGRESSIVE;
				CLANG_WARN_UNREACHABLE_CODE = YES;
				CLANG_WARN__DUPLICATE_METHOD_MATCH = YES;
				COPY_PHASE_STRIP = NO;
				DEBUG_INFORMATION_FORMAT = "dwarf-with-dsym";
				ENABLE_NS_ASSERTIONS = NO;
				ENABLE_STRICT_OBJC_MSGSEND = YES;
				GCC_C_LANGUAGE_STANDARD = gnu11;
				GCC_NO_COMMON_BLOCKS = YES;
				GCC_WARN_64_TO_32_BIT_CONVERSION = YES;
				GCC_WARN_ABOUT_RETURN_TYPE = YES_ERROR;
				GCC_WARN_UNDECLARED_SELECTOR = YES;
				GCC_WARN_UNINITIALIZED_AUTOS = YES_AGGRESSIVE;
				GCC_WARN_UNUSED_FUNCTION = YES;
				GCC_WARN_UNUSED_VARIABLE = YES;
				IPHONEOS_DEPLOYMENT_TARGET = 13.2;
				MTL_ENABLE_DEBUG_INFO = NO;
				MTL_FAST_MATH = YES;
				SDKROOT = iphoneos;
				SWIFT_COMPILATION_MODE = wholemodule;
				SWIFT_OPTIMIZATION_LEVEL = "-O";
				VALIDATE_PRODUCT = YES;
			};
			name = Release;
		};
		9F736CC82409E3A900C8C72D /* Debug */ = {
			isa = XCBuildConfiguration;
			buildSettings = {
				ASSETCATALOG_COMPILER_APPICON_NAME = AppIcon;
				CODE_SIGN_STYLE = Automatic;
				DEVELOPMENT_TEAM = 6JBM5ZNF6C;
				INFOPLIST_FILE = GHFollowers/Info.plist;
				LD_RUNPATH_SEARCH_PATHS = (
					"$(inherited)",
					"@executable_path/Frameworks",
				);
				PRODUCT_BUNDLE_IDENTIFIER = com.swifttom.GHFollowers;
				PRODUCT_NAME = "$(TARGET_NAME)";
				SWIFT_VERSION = 5.0;
				TARGETED_DEVICE_FAMILY = 1;
			};
			name = Debug;
		};
		9F736CC92409E3A900C8C72D /* Release */ = {
			isa = XCBuildConfiguration;
			buildSettings = {
				ASSETCATALOG_COMPILER_APPICON_NAME = AppIcon;
				CODE_SIGN_STYLE = Automatic;
				DEVELOPMENT_TEAM = 6JBM5ZNF6C;
				INFOPLIST_FILE = GHFollowers/Info.plist;
				LD_RUNPATH_SEARCH_PATHS = (
					"$(inherited)",
					"@executable_path/Frameworks",
				);
				PRODUCT_BUNDLE_IDENTIFIER = com.swifttom.GHFollowers;
				PRODUCT_NAME = "$(TARGET_NAME)";
				SWIFT_VERSION = 5.0;
				TARGETED_DEVICE_FAMILY = 1;
			};
			name = Release;
		};
/* End XCBuildConfiguration section */

/* Begin XCConfigurationList section */
		9F736CAE2409E3A800C8C72D /* Build configuration list for PBXProject "GHFollowers" */ = {
			isa = XCConfigurationList;
			buildConfigurations = (
				9F736CC52409E3A900C8C72D /* Debug */,
				9F736CC62409E3A900C8C72D /* Release */,
			);
			defaultConfigurationIsVisible = 0;
			defaultConfigurationName = Release;
		};
		9F736CC72409E3A900C8C72D /* Build configuration list for PBXNativeTarget "GHFollowers" */ = {
			isa = XCConfigurationList;
			buildConfigurations = (
				9F736CC82409E3A900C8C72D /* Debug */,
				9F736CC92409E3A900C8C72D /* Release */,
			);
			defaultConfigurationIsVisible = 0;
			defaultConfigurationName = Release;
		};
/* End XCConfigurationList section */
	};
	rootObject = 9F736CAB2409E3A800C8C72D /* Project object */;
}
